
Microsoft Visual Studio Solution File, Format Version 12.00
# Visual Studio Version 16
VisualStudioVersion = 16.0.29409.12
MinimumVisualStudioVersion = 10.0.40219.1
Project("{FAE04EC0-301F-11D3-BF4B-00C04F79EFBC}") = "Number1I(4)", "Number1I(4)\Number1I(4).csproj", "{9AFC2292-DCC8-4D06-9A6D-7ACD4C23002D}"
EndProject
Global
	GlobalSection(SolutionConfigurationPlatforms) = preSolution
		Debug|Any CPU = Debug|Any CPU
		Release|Any CPU = Release|Any CPU
	EndGlobalSection
	GlobalSection(ProjectConfigurationPlatforms) = postSolution
		{9AFC2292-DCC8-4D06-9A6D-7ACD4C23002D}.Debug|Any CPU.ActiveCfg = Debug|Any CPU
		{9AFC2292-DCC8-4D06-9A6D-7ACD4C23002D}.Debug|Any CPU.Build.0 = Debug|Any CPU
		{9AFC2292-DCC8-4D06-9A6D-7ACD4C23002D}.Release|Any CPU.ActiveCfg = Release|Any CPU
		{9AFC2292-DCC8-4D06-9A6D-7ACD4C23002D}.Release|Any CPU.Build.0 = Release|Any CPU
	EndGlobalSection
	GlobalSection(SolutionProperties) = preSolution
		HideSolutionNode = FALSE
	EndGlobalSection
	GlobalSection(ExtensibilityGlobals) = postSolution
		SolutionGuid = {E2108BCC-8A3C-4DA4-98C1-00BD972E6820}
	EndGlobalSection
EndGlobal
